
Microsoft Visual Studio Solution File, Format Version 12.00
# Visual Studio Version 16
VisualStudioVersion = 16.0.31702.278
MinimumVisualStudioVersion = 10.0.40219.1
Project("{FAE04EC0-301F-11D3-BF4B-00C04F79EFBC}") = "FFC", "FFC\FFC.csproj", "{E38DD7FA-3A47-4C23-A26A-DFFEE3ABB54D}"
EndProject
Global
	GlobalSection(SolutionConfigurationPlatforms) = preSolution
		Debug|Any CPU = Debug|Any CPU
		Release|Any CPU = Release|Any CPU
	EndGlobalSection
	GlobalSection(ProjectConfigurationPlatforms) = postSolution
		{E38DD7FA-3A47-4C23-A26A-DFFEE3ABB54D}.Debug|Any CPU.ActiveCfg = Debug|Any CPU
		{E38DD7FA-3A47-4C23-A26A-DFFEE3ABB54D}.Debug|Any CPU.Build.0 = Debug|Any CPU
		{E38DD7FA-3A47-4C23-A26A-DFFEE3ABB54D}.Release|Any CPU.ActiveCfg = Release|Any CPU
		{E38DD7FA-3A47-4C23-A26A-DFFEE3ABB54D}.Release|Any CPU.Build.0 = Release|Any CPU
	EndGlobalSection
	GlobalSection(SolutionProperties) = preSolution
		HideSolutionNode = FALSE
	EndGlobalSection
	GlobalSection(ExtensibilityGlobals) = postSolution
		SolutionGuid = {94A105FB-74C7-46CE-80BA-975227359A9F}
	EndGlobalSection
EndGlobal
