
Microsoft Visual Studio Solution File, Format Version 12.00
# Visual Studio Version 16
VisualStudioVersion = 16.0.31702.278
MinimumVisualStudioVersion = 10.0.40219.1
Project("{FAE04EC0-301F-11D3-BF4B-00C04F79EFBC}") = "FluxxFieldsCards", "FluxxFieldsCards\FluxxFieldsCards.csproj", "{8DB6F2D7-CC01-4740-95BD-205A02DE72D0}"
EndProject
Global
	GlobalSection(SolutionConfigurationPlatforms) = preSolution
		Debug|Any CPU = Debug|Any CPU
		Release|Any CPU = Release|Any CPU
	EndGlobalSection
	GlobalSection(ProjectConfigurationPlatforms) = postSolution
		{8DB6F2D7-CC01-4740-95BD-205A02DE72D0}.Debug|Any CPU.ActiveCfg = Debug|Any CPU
		{8DB6F2D7-CC01-4740-95BD-205A02DE72D0}.Debug|Any CPU.Build.0 = Debug|Any CPU
		{8DB6F2D7-CC01-4740-95BD-205A02DE72D0}.Release|Any CPU.ActiveCfg = Release|Any CPU
		{8DB6F2D7-CC01-4740-95BD-205A02DE72D0}.Release|Any CPU.Build.0 = Release|Any CPU
	EndGlobalSection
	GlobalSection(SolutionProperties) = preSolution
		HideSolutionNode = FALSE
	EndGlobalSection
	GlobalSection(ExtensibilityGlobals) = postSolution
		SolutionGuid = {ABF907E0-0163-4F7E-9EC4-86777BC22379}
	EndGlobalSection
EndGlobal
